
Microsoft Visual Studio Solution File, Format Version 12.00
# Visual Studio 14
VisualStudioVersion = 14.0.25420.1
MinimumVisualStudioVersion = 10.0.40219.1
Project("{FAE04EC0-301F-11D3-BF4B-00C04F79EFBC}") = "loginmvc", "loginmvc\loginmvc.csproj", "{180D20D2-DADD-4385-800A-8310DB5DCD4A}"
EndProject
Global
	GlobalSection(SolutionConfigurationPlatforms) = preSolution
		Debug|Any CPU = Debug|Any CPU
		Release|Any CPU = Release|Any CPU
	EndGlobalSection
	GlobalSection(ProjectConfigurationPlatforms) = postSolution
		{180D20D2-DADD-4385-800A-8310DB5DCD4A}.Debug|Any CPU.ActiveCfg = Debug|Any CPU
		{180D20D2-DADD-4385-800A-8310DB5DCD4A}.Debug|Any CPU.Build.0 = Debug|Any CPU
		{180D20D2-DADD-4385-800A-8310DB5DCD4A}.Release|Any CPU.ActiveCfg = Release|Any CPU
		{180D20D2-DADD-4385-800A-8310DB5DCD4A}.Release|Any CPU.Build.0 = Release|Any CPU
	EndGlobalSection
	GlobalSection(SolutionProperties) = preSolution
		HideSolutionNode = FALSE
	EndGlobalSection
EndGlobal
